
Microsoft Visual Studio Solution File, Format Version 12.00
# Visual Studio 2013
VisualStudioVersion = 12.0.31101.0
MinimumVisualStudioVersion = 10.0.40219.1
Project("{FAE04EC0-301F-11D3-BF4B-00C04F79EFBC}") = "RememberMyDrive", "RememberMyDrive\RememberMyDrive.csproj", "{83A55908-F3E3-4795-8491-9E86B5E7818E}"
EndProject
Global
	GlobalSection(SolutionConfigurationPlatforms) = preSolution
		Debug|Any CPU = Debug|Any CPU
		Release|Any CPU = Release|Any CPU
	EndGlobalSection
	GlobalSection(ProjectConfigurationPlatforms) = postSolution
		{83A55908-F3E3-4795-8491-9E86B5E7818E}.Debug|Any CPU.ActiveCfg = Debug|Any CPU
		{83A55908-F3E3-4795-8491-9E86B5E7818E}.Debug|Any CPU.Build.0 = Debug|Any CPU
		{83A55908-F3E3-4795-8491-9E86B5E7818E}.Release|Any CPU.ActiveCfg = Release|Any CPU
		{83A55908-F3E3-4795-8491-9E86B5E7818E}.Release|Any CPU.Build.0 = Release|Any CPU
	EndGlobalSection
	GlobalSection(SolutionProperties) = preSolution
		HideSolutionNode = FALSE
	EndGlobalSection
EndGlobal
